
Microsoft Visual Studio Solution File, Format Version 12.00
# Visual Studio Version 16
VisualStudioVersion = 16.0.33927.289
MinimumVisualStudioVersion = 10.0.40219.1
Project("{2150E333-8FDC-42A3-9474-1A3956D46DE8}") = "Task6", "Task6", "{EA67EB50-76B6-47AC-A734-D39B1B389846}"
EndProject
Project("{FAE04EC0-301F-11D3-BF4B-00C04F79EFBC}") = "Tyuiu.SafronovVV.Sprint2.Task6.V6", "Tyuiu.SafronovVV.Sprint2.Task6.V6\Tyuiu.SafronovVV.Sprint2.Task6.V6.csproj", "{FDC2055D-7BB4-411D-8805-EB3958B54E4F}"
EndProject
Project("{FAE04EC0-301F-11D3-BF4B-00C04F79EFBC}") = "Tyuiu.SafronovVV.Sprint2.Task6.V6.Lib", "Tyuiu.SafronovVV.Sprint2.Task6.V6.Lib\Tyuiu.SafronovVV.Sprint2.Task6.V6.Lib.csproj", "{4E525C80-2652-4B2B-9AE5-6DEF6819E4F1}"
EndProject
Project("{FAE04EC0-301F-11D3-BF4B-00C04F79EFBC}") = "Tyuiu.SafronovVV.Sprint2.Task6.V6.Test", "Tyuiu.SafronovVV.Sprint2.Task6.V6.Test\Tyuiu.SafronovVV.Sprint2.Task6.V6.Test.csproj", "{DEB160F6-427D-46B8-AB1A-3715C40659A4}"
EndProject
Project("{2150E333-8FDC-42A3-9474-1A3956D46DE8}") = "Task7", "Task7", "{2E7E4E2E-7208-4404-971E-B0AB3505E7D2}"
EndProject
Project("{FAE04EC0-301F-11D3-BF4B-00C04F79EFBC}") = "Tyuiu.SafronovVV.Sprint2.Task7.V14", "Tyuiu.SafronovVV.Sprint2.Task7.V14\Tyuiu.SafronovVV.Sprint2.Task7.V14.csproj", "{47A594F4-BBA6-4B2D-ABD3-E97AECC11B76}"
EndProject
Project("{FAE04EC0-301F-11D3-BF4B-00C04F79EFBC}") = "Tyuiu.SafronovVV.Sprint2.Task7.V14.Lib", "Tyuiu.SafronovVV.Sprint2.Task7.V14.Lib\Tyuiu.SafronovVV.Sprint2.Task7.V14.Lib.csproj", "{1773AADA-4097-47F6-8BD5-BC7AE6114BEA}"
EndProject
Project("{FAE04EC0-301F-11D3-BF4B-00C04F79EFBC}") = "Tyuiu.SafronovVV.Sprint2.Task7.V14.Test", "Tyuiu.SafronovVV.Sprint2.Task7.V14.Test\Tyuiu.SafronovVV.Sprint2.Task7.V14.Test.csproj", "{C0800177-886B-4A20-8E4F-B12C526E7E89}"
EndProject
Global
	GlobalSection(SolutionConfigurationPlatforms) = preSolution
		Debug|Any CPU = Debug|Any CPU
		Release|Any CPU = Release|Any CPU
	EndGlobalSection
	GlobalSection(ProjectConfigurationPlatforms) = postSolution
		{FDC2055D-7BB4-411D-8805-EB3958B54E4F}.Debug|Any CPU.ActiveCfg = Debug|Any CPU
		{FDC2055D-7BB4-411D-8805-EB3958B54E4F}.Debug|Any CPU.Build.0 = Debug|Any CPU
		{FDC2055D-7BB4-411D-8805-EB3958B54E4F}.Release|Any CPU.ActiveCfg = Release|Any CPU
		{FDC2055D-7BB4-411D-8805-EB3958B54E4F}.Release|Any CPU.Build.0 = Release|Any CPU
		{4E525C80-2652-4B2B-9AE5-6DEF6819E4F1}.Debug|Any CPU.ActiveCfg = Debug|Any CPU
		{4E525C80-2652-4B2B-9AE5-6DEF6819E4F1}.Debug|Any CPU.Build.0 = Debug|Any CPU
		{4E525C80-2652-4B2B-9AE5-6DEF6819E4F1}.Release|Any CPU.ActiveCfg = Release|Any CPU
		{4E525C80-2652-4B2B-9AE5-6DEF6819E4F1}.Release|Any CPU.Build.0 = Release|Any CPU
		{DEB160F6-427D-46B8-AB1A-3715C40659A4}.Debug|Any CPU.ActiveCfg = Debug|Any CPU
		{DEB160F6-427D-46B8-AB1A-3715C40659A4}.Debug|Any CPU.Build.0 = Debug|Any CPU
		{DEB160F6-427D-46B8-AB1A-3715C40659A4}.Release|Any CPU.ActiveCfg = Release|Any CPU
		{DEB160F6-427D-46B8-AB1A-3715C40659A4}.Release|Any CPU.Build.0 = Release|Any CPU
		{47A594F4-BBA6-4B2D-ABD3-E97AECC11B76}.Debug|Any CPU.ActiveCfg = Debug|Any CPU
		{47A594F4-BBA6-4B2D-ABD3-E97AECC11B76}.Debug|Any CPU.Build.0 = Debug|Any CPU
		{47A594F4-BBA6-4B2D-ABD3-E97AECC11B76}.Release|Any CPU.ActiveCfg = Release|Any CPU
		{47A594F4-BBA6-4B2D-ABD3-E97AECC11B76}.Release|Any CPU.Build.0 = Release|Any CPU
		{1773AADA-4097-47F6-8BD5-BC7AE6114BEA}.Debug|Any CPU.ActiveCfg = Debug|Any CPU
		{1773AADA-4097-47F6-8BD5-BC7AE6114BEA}.Debug|Any CPU.Build.0 = Debug|Any CPU
		{1773AADA-4097-47F6-8BD5-BC7AE6114BEA}.Release|Any CPU.ActiveCfg = Release|Any CPU
		{1773AADA-4097-47F6-8BD5-BC7AE6114BEA}.Release|Any CPU.Build.0 = Release|Any CPU
		{C0800177-886B-4A20-8E4F-B12C526E7E89}.Debug|Any CPU.ActiveCfg = Debug|Any CPU
		{C0800177-886B-4A20-8E4F-B12C526E7E89}.Debug|Any CPU.Build.0 = Debug|Any CPU
		{C0800177-886B-4A20-8E4F-B12C526E7E89}.Release|Any CPU.ActiveCfg = Release|Any CPU
		{C0800177-886B-4A20-8E4F-B12C526E7E89}.Release|Any CPU.Build.0 = Release|Any CPU
	EndGlobalSection
	GlobalSection(SolutionProperties) = preSolution
		HideSolutionNode = FALSE
	EndGlobalSection
	GlobalSection(NestedProjects) = preSolution
		{FDC2055D-7BB4-411D-8805-EB3958B54E4F} = {EA67EB50-76B6-47AC-A734-D39B1B389846}
		{4E525C80-2652-4B2B-9AE5-6DEF6819E4F1} = {EA67EB50-76B6-47AC-A734-D39B1B389846}
		{DEB160F6-427D-46B8-AB1A-3715C40659A4} = {EA67EB50-76B6-47AC-A734-D39B1B389846}
		{47A594F4-BBA6-4B2D-ABD3-E97AECC11B76} = {2E7E4E2E-7208-4404-971E-B0AB3505E7D2}
		{1773AADA-4097-47F6-8BD5-BC7AE6114BEA} = {2E7E4E2E-7208-4404-971E-B0AB3505E7D2}
		{C0800177-886B-4A20-8E4F-B12C526E7E89} = {2E7E4E2E-7208-4404-971E-B0AB3505E7D2}
	EndGlobalSection
	GlobalSection(ExtensibilityGlobals) = postSolution
		SolutionGuid = {F7040C9E-B897-471E-BCB0-6D6A76F06715}
	EndGlobalSection
EndGlobal
